
Microsoft Visual Studio Solution File, Format Version 12.00
# Visual Studio Version 16
VisualStudioVersion = 16.0.29926.136
MinimumVisualStudioVersion = 10.0.40219.1
Project("{FAE04EC0-301F-11D3-BF4B-00C04F79EFBC}") = "BlazorApp1", "BlazorApp1\BlazorApp1.csproj", "{14F44845-339E-431D-94C7-38667DE34D4A}"
EndProject
Global
	GlobalSection(SolutionConfigurationPlatforms) = preSolution
		Debug|Any CPU = Debug|Any CPU
		Release|Any CPU = Release|Any CPU
	EndGlobalSection
	GlobalSection(ProjectConfigurationPlatforms) = postSolution
		{14F44845-339E-431D-94C7-38667DE34D4A}.Debug|Any CPU.ActiveCfg = Debug|Any CPU
		{14F44845-339E-431D-94C7-38667DE34D4A}.Debug|Any CPU.Build.0 = Debug|Any CPU
		{14F44845-339E-431D-94C7-38667DE34D4A}.Release|Any CPU.ActiveCfg = Release|Any CPU
		{14F44845-339E-431D-94C7-38667DE34D4A}.Release|Any CPU.Build.0 = Release|Any CPU
	EndGlobalSection
	GlobalSection(SolutionProperties) = preSolution
		HideSolutionNode = FALSE
	EndGlobalSection
	GlobalSection(ExtensibilityGlobals) = postSolution
		SolutionGuid = {A3EF53AB-36BF-4F3B-9193-FE465D6074D2}
	EndGlobalSection
EndGlobal
